// !$*UTF8*$!
{
	archiveVersion = 1;
	classes = {
	};
	objectVersion = 56;
	objects = {

/* Begin PBXBuildFile section */
		053A0DB329C4478500DB79B4 /* AppDelegate.swift in Sources */ = {isa = PBXBuildFile; fileRef = 053A0DB229C4478500DB79B4 /* AppDelegate.swift */; };
		053A0DB529C4478500DB79B4 /* SceneDelegate.swift in Sources */ = {isa = PBXBuildFile; fileRef = 053A0DB429C4478500DB79B4 /* SceneDelegate.swift */; };
		053A0DB729C4478500DB79B4 /* ViewController.swift in Sources */ = {isa = PBXBuildFile; fileRef = 053A0DB629C4478500DB79B4 /* ViewController.swift */; };
		053A0DBA29C4478500DB79B4 /* Main.storyboard in Resources */ = {isa = PBXBuildFile; fileRef = 053A0DB829C4478500DB79B4 /* Main.storyboard */; };
		053A0DBC29C4478700DB79B4 /* Assets.xcassets in Resources */ = {isa = PBXBuildFile; fileRef = 053A0DBB29C4478700DB79B4 /* Assets.xcassets */; };
		053A0DBF29C4478700DB79B4 /* LaunchScreen.storyboard in Resources */ = {isa = PBXBuildFile; fileRef = 053A0DBD29C4478700DB79B4 /* LaunchScreen.storyboard */; };
		0542307029F26BCF004DC6EE /* GradesTableViewController.swift in Sources */ = {isa = PBXBuildFile; fileRef = 0542306F29F26BCF004DC6EE /* GradesTableViewController.swift */; };
		0542307229F26C01004DC6EE /* TasksTableViewController.swift in Sources */ = {isa = PBXBuildFile; fileRef = 0542307129F26C01004DC6EE /* TasksTableViewController.swift */; };
		0542307429F26C0C004DC6EE /* ClassesTableViewController.swift in Sources */ = {isa = PBXBuildFile; fileRef = 0542307329F26C0C004DC6EE /* ClassesTableViewController.swift */; };
		0542307A29F27287004DC6EE /* SubjectCollectionViewController.swift in Sources */ = {isa = PBXBuildFile; fileRef = 0542307929F27287004DC6EE /* SubjectCollectionViewController.swift */; };
		0542307D29F2844B004DC6EE /* NewDeadlineViewController.swift in Sources */ = {isa = PBXBuildFile; fileRef = 0542307C29F2844B004DC6EE /* NewDeadlineViewController.swift */; };
		0542307F29F28460004DC6EE /* GoogleCalendarViewController.swift in Sources */ = {isa = PBXBuildFile; fileRef = 0542307E29F28460004DC6EE /* GoogleCalendarViewController.swift */; };
		0542308129F284A9004DC6EE /* NewClassViewController.swift in Sources */ = {isa = PBXBuildFile; fileRef = 0542308029F284A9004DC6EE /* NewClassViewController.swift */; };
		0542308329F284C3004DC6EE /* NewSubjectViewController.swift in Sources */ = {isa = PBXBuildFile; fileRef = 0542308229F284C3004DC6EE /* NewSubjectViewController.swift */; };
		0542308529F284D6004DC6EE /* ColourViewController.swift in Sources */ = {isa = PBXBuildFile; fileRef = 0542308429F284D6004DC6EE /* ColourViewController.swift */; };
		0542308729F284E2004DC6EE /* EditSubjectViewController.swift in Sources */ = {isa = PBXBuildFile; fileRef = 0542308629F284E2004DC6EE /* EditSubjectViewController.swift */; };
		0542308929F284FE004DC6EE /* NewAssessmentViewController.swift in Sources */ = {isa = PBXBuildFile; fileRef = 0542308829F284FE004DC6EE /* NewAssessmentViewController.swift */; };
		0542308B29F2855E004DC6EE /* ArchiveTableViewController.swift in Sources */ = {isa = PBXBuildFile; fileRef = 0542308A29F2855E004DC6EE /* ArchiveTableViewController.swift */; };
		059E3A722A04C49B009940E4 /* MulticastDelegate.swift in Sources */ = {isa = PBXBuildFile; fileRef = 059E3A712A04C49B009940E4 /* MulticastDelegate.swift */; };
		059E3A742A04C4C5009940E4 /* DatabaseProtocol.swift in Sources */ = {isa = PBXBuildFile; fileRef = 059E3A732A04C4C5009940E4 /* DatabaseProtocol.swift */; };
		059E3A772A04C599009940E4 /* StudyFrog-DataModel.xcdatamodeld in Sources */ = {isa = PBXBuildFile; fileRef = 059E3A752A04C599009940E4 /* StudyFrog-DataModel.xcdatamodeld */; };
		059E3A792A04C5E1009940E4 /* CoreDataController.swift in Sources */ = {isa = PBXBuildFile; fileRef = 059E3A782A04C5E1009940E4 /* CoreDataController.swift */; };
		059E3A7B2A04C9BD009940E4 /* ToDo.swift in Sources */ = {isa = PBXBuildFile; fileRef = 059E3A7A2A04C9BD009940E4 /* ToDo.swift */; };
		05D2EA0329C9327400385B9D /* AddNewTaskViewController.swift in Sources */ = {isa = PBXBuildFile; fileRef = 05D2EA0229C9327400385B9D /* AddNewTaskViewController.swift */; };
		05D463AD2A04D63A00197A84 /* Assessment+CoreDataClass.swift in Sources */ = {isa = PBXBuildFile; fileRef = 05D463A32A04D63900197A84 /* Assessment+CoreDataClass.swift */; };
		05D463AE2A04D63A00197A84 /* Assessment+CoreDataProperties.swift in Sources */ = {isa = PBXBuildFile; fileRef = 05D463A42A04D63900197A84 /* Assessment+CoreDataProperties.swift */; };
		05D463B12A04D63A00197A84 /* Event+CoreDataClass.swift in Sources */ = {isa = PBXBuildFile; fileRef = 05D463A72A04D63900197A84 /* Event+CoreDataClass.swift */; };
		05D463B22A04D63A00197A84 /* Event+CoreDataProperties.swift in Sources */ = {isa = PBXBuildFile; fileRef = 05D463A82A04D63900197A84 /* Event+CoreDataProperties.swift */; };
		05D463B32A04D63A00197A84 /* Subject+CoreDataClass.swift in Sources */ = {isa = PBXBuildFile; fileRef = 05D463A92A04D63900197A84 /* Subject+CoreDataClass.swift */; };
		05D463B42A04D63A00197A84 /* Subject+CoreDataProperties.swift in Sources */ = {isa = PBXBuildFile; fileRef = 05D463AA2A04D63A00197A84 /* Subject+CoreDataProperties.swift */; };
		05D463B52A04D63A00197A84 /* Task+CoreDataClass.swift in Sources */ = {isa = PBXBuildFile; fileRef = 05D463AB2A04D63A00197A84 /* Task+CoreDataClass.swift */; };
		05D463B62A04D63A00197A84 /* Task+CoreDataProperties.swift in Sources */ = {isa = PBXBuildFile; fileRef = 05D463AC2A04D63A00197A84 /* Task+CoreDataProperties.swift */; };
		05D463BD2A04E9DB00197A84 /* User+CoreDataClass.swift in Sources */ = {isa = PBXBuildFile; fileRef = 05D463BB2A04E9DB00197A84 /* User+CoreDataClass.swift */; };
		05D463BE2A04E9DB00197A84 /* User+CoreDataProperties.swift in Sources */ = {isa = PBXBuildFile; fileRef = 05D463BC2A04E9DB00197A84 /* User+CoreDataProperties.swift */; };
		05D463C32A04ED3B00197A84 /* TaskCell.swift in Sources */ = {isa = PBXBuildFile; fileRef = 05D463C22A04ED3B00197A84 /* TaskCell.swift */; };
		05E4D8EA29C825EB00DC0F95 /* HomeViewController.swift in Sources */ = {isa = PBXBuildFile; fileRef = 05E4D8E929C825EB00DC0F95 /* HomeViewController.swift */; };
/* End PBXBuildFile section */

/* Begin PBXFileReference section */
		053A0DAF29C4478500DB79B4 /* 3178-Assignment.app */ = {isa = PBXFileReference; explicitFileType = wrapper.application; includeInIndex = 0; path = "3178-Assignment.app"; sourceTree = BUILT_PRODUCTS_DIR; };
		053A0DB229C4478500DB79B4 /* AppDelegate.swift */ = {isa = PBXFileReference; lastKnownFileType = sourcecode.swift; path = AppDelegate.swift; sourceTree = "<group>"; };
		053A0DB429C4478500DB79B4 /* SceneDelegate.swift */ = {isa = PBXFileReference; lastKnownFileType = sourcecode.swift; path = SceneDelegate.swift; sourceTree = "<group>"; };
		053A0DB629C4478500DB79B4 /* ViewController.swift */ = {isa = PBXFileReference; lastKnownFileType = sourcecode.swift; path = ViewController.swift; sourceTree = "<group>"; };
		053A0DB929C4478500DB79B4 /* Base */ = {isa = PBXFileReference; lastKnownFileType = file.storyboard; name = Base; path = Base.lproj/Main.storyboard; sourceTree = "<group>"; };
		053A0DBB29C4478700DB79B4 /* Assets.xcassets */ = {isa = PBXFileReference; lastKnownFileType = folder.assetcatalog; path = Assets.xcassets; sourceTree = "<group>"; };
		053A0DBE29C4478700DB79B4 /* Base */ = {isa = PBXFileReference; lastKnownFileType = file.storyboard; name = Base; path = Base.lproj/LaunchScreen.storyboard; sourceTree = "<group>"; };
		053A0DC029C4478700DB79B4 /* Info.plist */ = {isa = PBXFileReference; lastKnownFileType = text.plist.xml; path = Info.plist; sourceTree = "<group>"; };
		0542306F29F26BCF004DC6EE /* GradesTableViewController.swift */ = {isa = PBXFileReference; lastKnownFileType = sourcecode.swift; path = GradesTableViewController.swift; sourceTree = "<group>"; };
		0542307129F26C01004DC6EE /* TasksTableViewController.swift */ = {isa = PBXFileReference; lastKnownFileType = sourcecode.swift; path = TasksTableViewController.swift; sourceTree = "<group>"; };
		0542307329F26C0C004DC6EE /* ClassesTableViewController.swift */ = {isa = PBXFileReference; lastKnownFileType = sourcecode.swift; path = ClassesTableViewController.swift; sourceTree = "<group>"; };
		0542307929F27287004DC6EE /* SubjectCollectionViewController.swift */ = {isa = PBXFileReference; lastKnownFileType = sourcecode.swift; path = SubjectCollectionViewController.swift; sourceTree = "<group>"; };
		0542307C29F2844B004DC6EE /* NewDeadlineViewController.swift */ = {isa = PBXFileReference; lastKnownFileType = sourcecode.swift; path = NewDeadlineViewController.swift; sourceTree = "<group>"; };
		0542307E29F28460004DC6EE /* GoogleCalendarViewController.swift */ = {isa = PBXFileReference; lastKnownFileType = sourcecode.swift; path = GoogleCalendarViewController.swift; sourceTree = "<group>"; };
		0542308029F284A9004DC6EE /* NewClassViewController.swift */ = {isa = PBXFileReference; lastKnownFileType = sourcecode.swift; path = NewClassViewController.swift; sourceTree = "<group>"; };
		0542308229F284C3004DC6EE /* NewSubjectViewController.swift */ = {isa = PBXFileReference; lastKnownFileType = sourcecode.swift; path = NewSubjectViewController.swift; sourceTree = "<group>"; };
		0542308429F284D6004DC6EE /* ColourViewController.swift */ = {isa = PBXFileReference; lastKnownFileType = sourcecode.swift; path = ColourViewController.swift; sourceTree = "<group>"; };
		0542308629F284E2004DC6EE /* EditSubjectViewController.swift */ = {isa = PBXFileReference; lastKnownFileType = sourcecode.swift; path = EditSubjectViewController.swift; sourceTree = "<group>"; };
		0542308829F284FE004DC6EE /* NewAssessmentViewController.swift */ = {isa = PBXFileReference; lastKnownFileType = sourcecode.swift; path = NewAssessmentViewController.swift; sourceTree = "<group>"; };
		0542308A29F2855E004DC6EE /* ArchiveTableViewController.swift */ = {isa = PBXFileReference; lastKnownFileType = sourcecode.swift; path = ArchiveTableViewController.swift; sourceTree = "<group>"; };
		059E3A712A04C49B009940E4 /* MulticastDelegate.swift */ = {isa = PBXFileReference; lastKnownFileType = sourcecode.swift; path = MulticastDelegate.swift; sourceTree = "<group>"; };
		059E3A732A04C4C5009940E4 /* DatabaseProtocol.swift */ = {isa = PBXFileReference; lastKnownFileType = sourcecode.swift; path = DatabaseProtocol.swift; sourceTree = "<group>"; };
		059E3A762A04C599009940E4 /* StudyFrog-DataModel.xcdatamodel */ = {isa = PBXFileReference; lastKnownFileType = wrapper.xcdatamodel; path = "StudyFrog-DataModel.xcdatamodel"; sourceTree = "<group>"; };
		059E3A782A04C5E1009940E4 /* CoreDataController.swift */ = {isa = PBXFileReference; lastKnownFileType = sourcecode.swift; path = CoreDataController.swift; sourceTree = "<group>"; };
		059E3A7A2A04C9BD009940E4 /* ToDo.swift */ = {isa = PBXFileReference; lastKnownFileType = sourcecode.swift; path = ToDo.swift; sourceTree = "<group>"; };
		05D2EA0229C9327400385B9D /* AddNewTaskViewController.swift */ = {isa = PBXFileReference; lastKnownFileType = sourcecode.swift; path = AddNewTaskViewController.swift; sourceTree = "<group>"; };
		05D463A32A04D63900197A84 /* Assessment+CoreDataClass.swift */ = {isa = PBXFileReference; lastKnownFileType = sourcecode.swift; path = "Assessment+CoreDataClass.swift"; sourceTree = SOURCE_ROOT; };
		05D463A42A04D63900197A84 /* Assessment+CoreDataProperties.swift */ = {isa = PBXFileReference; lastKnownFileType = sourcecode.swift; path = "Assessment+CoreDataProperties.swift"; sourceTree = SOURCE_ROOT; };
		05D463A72A04D63900197A84 /* Event+CoreDataClass.swift */ = {isa = PBXFileReference; lastKnownFileType = sourcecode.swift; path = "Event+CoreDataClass.swift"; sourceTree = SOURCE_ROOT; };
		05D463A82A04D63900197A84 /* Event+CoreDataProperties.swift */ = {isa = PBXFileReference; lastKnownFileType = sourcecode.swift; path = "Event+CoreDataProperties.swift"; sourceTree = SOURCE_ROOT; };
		05D463A92A04D63900197A84 /* Subject+CoreDataClass.swift */ = {isa = PBXFileReference; lastKnownFileType = sourcecode.swift; path = "Subject+CoreDataClass.swift"; sourceTree = SOURCE_ROOT; };
		05D463AA2A04D63A00197A84 /* Subject+CoreDataProperties.swift */ = {isa = PBXFileReference; lastKnownFileType = sourcecode.swift; path = "Subject+CoreDataProperties.swift"; sourceTree = SOURCE_ROOT; };
		05D463AB2A04D63A00197A84 /* Task+CoreDataClass.swift */ = {isa = PBXFileReference; lastKnownFileType = sourcecode.swift; path = "Task+CoreDataClass.swift"; sourceTree = SOURCE_ROOT; };
		05D463AC2A04D63A00197A84 /* Task+CoreDataProperties.swift */ = {isa = PBXFileReference; lastKnownFileType = sourcecode.swift; path = "Task+CoreDataProperties.swift"; sourceTree = SOURCE_ROOT; };
		05D463BB2A04E9DB00197A84 /* User+CoreDataClass.swift */ = {isa = PBXFileReference; lastKnownFileType = sourcecode.swift; path = "User+CoreDataClass.swift"; sourceTree = "<group>"; };
		05D463BC2A04E9DB00197A84 /* User+CoreDataProperties.swift */ = {isa = PBXFileReference; lastKnownFileType = sourcecode.swift; path = "User+CoreDataProperties.swift"; sourceTree = "<group>"; };
		05D463C22A04ED3B00197A84 /* TaskCell.swift */ = {isa = PBXFileReference; lastKnownFileType = sourcecode.swift; path = TaskCell.swift; sourceTree = "<group>"; };
		05E4D8E929C825EB00DC0F95 /* HomeViewController.swift */ = {isa = PBXFileReference; lastKnownFileType = sourcecode.swift; path = HomeViewController.swift; sourceTree = "<group>"; };
/* End PBXFileReference section */

/* Begin PBXFrameworksBuildPhase section */
		053A0DAC29C4478500DB79B4 /* Frameworks */ = {
			isa = PBXFrameworksBuildPhase;
			buildActionMask = 2147483647;
			files = (
			);
			runOnlyForDeploymentPostprocessing = 0;
		};
/* End PBXFrameworksBuildPhase section */

/* Begin PBXGroup section */
		053A0DA629C4478500DB79B4 = {
			isa = PBXGroup;
			children = (
				053A0DB129C4478500DB79B4 /* 3178-Assignment */,
				053A0DB029C4478500DB79B4 /* Products */,
			);
			sourceTree = "<group>";
		};
		053A0DB029C4478500DB79B4 /* Products */ = {
			isa = PBXGroup;
			children = (
				053A0DAF29C4478500DB79B4 /* 3178-Assignment.app */,
			);
			name = Products;
			sourceTree = "<group>";
		};
		053A0DB129C4478500DB79B4 /* 3178-Assignment */ = {
			isa = PBXGroup;
			children = (
				059E3A702A04C477009940E4 /* Database */,
				059E3A6F2A04C469009940E4 /* DataModel */,
				0542307B29F283DF004DC6EE /* ViewControllers */,
				053A0DB229C4478500DB79B4 /* AppDelegate.swift */,
				053A0DB429C4478500DB79B4 /* SceneDelegate.swift */,
				053A0DB629C4478500DB79B4 /* ViewController.swift */,
				053A0DB829C4478500DB79B4 /* Main.storyboard */,
				053A0DBB29C4478700DB79B4 /* Assets.xcassets */,
				053A0DBD29C4478700DB79B4 /* LaunchScreen.storyboard */,
				053A0DC029C4478700DB79B4 /* Info.plist */,
				059E3A7A2A04C9BD009940E4 /* ToDo.swift */,
			);
			path = "3178-Assignment";
			sourceTree = "<group>";
		};
		0542307B29F283DF004DC6EE /* ViewControllers */ = {
			isa = PBXGroup;
			children = (
				05E4D8E929C825EB00DC0F95 /* HomeViewController.swift */,
				0542308429F284D6004DC6EE /* ColourViewController.swift */,
				05D463C12A04EBC400197A84 /* Task Related */,
				05D463C02A04EBA400197A84 /* Event Related */,
				05D463BF2A04EB7000197A84 /* Subject Related */,
			);
			path = ViewControllers;
			sourceTree = "<group>";
		};
		059E3A6F2A04C469009940E4 /* DataModel */ = {
			isa = PBXGroup;
			children = (
				05D463BB2A04E9DB00197A84 /* User+CoreDataClass.swift */,
				05D463BC2A04E9DB00197A84 /* User+CoreDataProperties.swift */,
				05D463A32A04D63900197A84 /* Assessment+CoreDataClass.swift */,
				05D463A42A04D63900197A84 /* Assessment+CoreDataProperties.swift */,
				05D463A72A04D63900197A84 /* Event+CoreDataClass.swift */,
				05D463A82A04D63900197A84 /* Event+CoreDataProperties.swift */,
				05D463A92A04D63900197A84 /* Subject+CoreDataClass.swift */,
				05D463AA2A04D63A00197A84 /* Subject+CoreDataProperties.swift */,
				05D463AB2A04D63A00197A84 /* Task+CoreDataClass.swift */,
				05D463AC2A04D63A00197A84 /* Task+CoreDataProperties.swift */,
				059E3A752A04C599009940E4 /* StudyFrog-DataModel.xcdatamodeld */,
			);
			path = DataModel;
			sourceTree = "<group>";
		};
		059E3A702A04C477009940E4 /* Database */ = {
			isa = PBXGroup;
			children = (
				059E3A712A04C49B009940E4 /* MulticastDelegate.swift */,
				059E3A732A04C4C5009940E4 /* DatabaseProtocol.swift */,
				059E3A782A04C5E1009940E4 /* CoreDataController.swift */,
			);
			path = Database;
			sourceTree = "<group>";
		};
		05D463BF2A04EB7000197A84 /* Subject Related */ = {
			isa = PBXGroup;
			children = (
				0542306F29F26BCF004DC6EE /* GradesTableViewController.swift */,
				0542308A29F2855E004DC6EE /* ArchiveTableViewController.swift */,
				0542308229F284C3004DC6EE /* NewSubjectViewController.swift */,
				0542308629F284E2004DC6EE /* EditSubjectViewController.swift */,
				0542307929F27287004DC6EE /* SubjectCollectionViewController.swift */,
				0542308829F284FE004DC6EE /* NewAssessmentViewController.swift */,
			);
			path = "Subject Related";
			sourceTree = "<group>";
		};
		05D463C02A04EBA400197A84 /* Event Related */ = {
			isa = PBXGroup;
			children = (
				0542307329F26C0C004DC6EE /* ClassesTableViewController.swift */,
				0542308029F284A9004DC6EE /* NewClassViewController.swift */,
				0542307E29F28460004DC6EE /* GoogleCalendarViewController.swift */,
			);
			path = "Event Related";
			sourceTree = "<group>";
		};
		05D463C12A04EBC400197A84 /* Task Related */ = {
			isa = PBXGroup;
			children = (
				0542307129F26C01004DC6EE /* TasksTableViewController.swift */,
				05D2EA0229C9327400385B9D /* AddNewTaskViewController.swift */,
				0542307C29F2844B004DC6EE /* NewDeadlineViewController.swift */,
				05D463C22A04ED3B00197A84 /* TaskCell.swift */,
			);
			path = "Task Related";
			sourceTree = "<group>";
		};
/* End PBXGroup section */

/* Begin PBXNativeTarget section */
		053A0DAE29C4478500DB79B4 /* 3178-Assignment */ = {
			isa = PBXNativeTarget;
			buildConfigurationList = 053A0DC329C4478700DB79B4 /* Build configuration list for PBXNativeTarget "3178-Assignment" */;
			buildPhases = (
				053A0DAB29C4478500DB79B4 /* Sources */,
				053A0DAC29C4478500DB79B4 /* Frameworks */,
				053A0DAD29C4478500DB79B4 /* Resources */,
			);
			buildRules = (
			);
			dependencies = (
			);
			name = "3178-Assignment";
			productName = "3178-Assignment";
			productReference = 053A0DAF29C4478500DB79B4 /* 3178-Assignment.app */;
			productType = "com.apple.product-type.application";
		};
/* End PBXNativeTarget section */

/* Begin PBXProject section */
		053A0DA729C4478500DB79B4 /* Project object */ = {
			isa = PBXProject;
			attributes = {
				BuildIndependentTargetsInParallel = 1;
				LastSwiftUpdateCheck = 1410;
				LastUpgradeCheck = 1410;
				TargetAttributes = {
					053A0DAE29C4478500DB79B4 = {
						CreatedOnToolsVersion = 14.1;
					};
				};
			};
			buildConfigurationList = 053A0DAA29C4478500DB79B4 /* Build configuration list for PBXProject "3178-Assignment" */;
			compatibilityVersion = "Xcode 14.0";
			developmentRegion = en;
			hasScannedForEncodings = 0;
			knownRegions = (
				en,
				Base,
			);
			mainGroup = 053A0DA629C4478500DB79B4;
			productRefGroup = 053A0DB029C4478500DB79B4 /* Products */;
			projectDirPath = "";
			projectRoot = "";
			targets = (
				053A0DAE29C4478500DB79B4 /* 3178-Assignment */,
			);
		};
/* End PBXProject section */

/* Begin PBXResourcesBuildPhase section */
		053A0DAD29C4478500DB79B4 /* Resources */ = {
			isa = PBXResourcesBuildPhase;
			buildActionMask = 2147483647;
			files = (
				053A0DBF29C4478700DB79B4 /* LaunchScreen.storyboard in Resources */,
				053A0DBC29C4478700DB79B4 /* Assets.xcassets in Resources */,
				053A0DBA29C4478500DB79B4 /* Main.storyboard in Resources */,
			);
			runOnlyForDeploymentPostprocessing = 0;
		};
/* End PBXResourcesBuildPhase section */

/* Begin PBXSourcesBuildPhase section */
		053A0DAB29C4478500DB79B4 /* Sources */ = {
			isa = PBXSourcesBuildPhase;
			buildActionMask = 2147483647;
			files = (
				0542308329F284C3004DC6EE /* NewSubjectViewController.swift in Sources */,
				0542308929F284FE004DC6EE /* NewAssessmentViewController.swift in Sources */,
				0542307F29F28460004DC6EE /* GoogleCalendarViewController.swift in Sources */,
				05D463B32A04D63A00197A84 /* Subject+CoreDataClass.swift in Sources */,
				059E3A7B2A04C9BD009940E4 /* ToDo.swift in Sources */,
				05D463B62A04D63A00197A84 /* Task+CoreDataProperties.swift in Sources */,
				05D463B42A04D63A00197A84 /* Subject+CoreDataProperties.swift in Sources */,
				05D463C32A04ED3B00197A84 /* TaskCell.swift in Sources */,
				0542307429F26C0C004DC6EE /* ClassesTableViewController.swift in Sources */,
				053A0DB729C4478500DB79B4 /* ViewController.swift in Sources */,
				0542307A29F27287004DC6EE /* SubjectCollectionViewController.swift in Sources */,
				053A0DB329C4478500DB79B4 /* AppDelegate.swift in Sources */,
				05D463B22A04D63A00197A84 /* Event+CoreDataProperties.swift in Sources */,
				053A0DB529C4478500DB79B4 /* SceneDelegate.swift in Sources */,
				05D2EA0329C9327400385B9D /* AddNewTaskViewController.swift in Sources */,
				05E4D8EA29C825EB00DC0F95 /* HomeViewController.swift in Sources */,
				05D463B12A04D63A00197A84 /* Event+CoreDataClass.swift in Sources */,
				059E3A772A04C599009940E4 /* StudyFrog-DataModel.xcdatamodeld in Sources */,
				0542307229F26C01004DC6EE /* TasksTableViewController.swift in Sources */,
				05D463BE2A04E9DB00197A84 /* User+CoreDataProperties.swift in Sources */,
				0542308729F284E2004DC6EE /* EditSubjectViewController.swift in Sources */,
				05D463BD2A04E9DB00197A84 /* User+CoreDataClass.swift in Sources */,
				0542308529F284D6004DC6EE /* ColourViewController.swift in Sources */,
				05D463AE2A04D63A00197A84 /* Assessment+CoreDataProperties.swift in Sources */,
				05D463B52A04D63A00197A84 /* Task+CoreDataClass.swift in Sources */,
				0542307029F26BCF004DC6EE /* GradesTableViewController.swift in Sources */,
				0542308129F284A9004DC6EE /* NewClassViewController.swift in Sources */,
				05D463AD2A04D63A00197A84 /* Assessment+CoreDataClass.swift in Sources */,
				0542308B29F2855E004DC6EE /* ArchiveTableViewController.swift in Sources */,
				059E3A792A04C5E1009940E4 /* CoreDataController.swift in Sources */,
				0542307D29F2844B004DC6EE /* NewDeadlineViewController.swift in Sources */,
				059E3A742A04C4C5009940E4 /* DatabaseProtocol.swift in Sources */,
				059E3A722A04C49B009940E4 /* MulticastDelegate.swift in Sources */,
			);
			runOnlyForDeploymentPostprocessing = 0;
		};
/* End PBXSourcesBuildPhase section */

/* Begin PBXVariantGroup section */
		053A0DB829C4478500DB79B4 /* Main.storyboard */ = {
			isa = PBXVariantGroup;
			children = (
				053A0DB929C4478500DB79B4 /* Base */,
			);
			name = Main.storyboard;
			sourceTree = "<group>";
		};
		053A0DBD29C4478700DB79B4 /* LaunchScreen.storyboard */ = {
			isa = PBXVariantGroup;
			children = (
				053A0DBE29C4478700DB79B4 /* Base */,
			);
			name = LaunchScreen.storyboard;
			sourceTree = "<group>";
		};
/* End PBXVariantGroup section */

/* Begin XCBuildConfiguration section */
		053A0DC129C4478700DB79B4 /* Debug */ = {
			isa = XCBuildConfiguration;
			buildSettings = {
				ALWAYS_SEARCH_USER_PATHS = NO;
				CLANG_ANALYZER_NONNULL = YES;
				CLANG_ANALYZER_NUMBER_OBJECT_CONVERSION = YES_AGGRESSIVE;
				CLANG_CXX_LANGUAGE_STANDARD = "gnu++20";
				CLANG_ENABLE_MODULES = YES;
				CLANG_ENABLE_OBJC_ARC = YES;
				CLANG_ENABLE_OBJC_WEAK = YES;
				CLANG_WARN_BLOCK_CAPTURE_AUTORELEASING = YES;
				CLANG_WARN_BOOL_CONVERSION = YES;
				CLANG_WARN_COMMA = YES;
				CLANG_WARN_CONSTANT_CONVERSION = YES;
				CLANG_WARN_DEPRECATED_OBJC_IMPLEMENTATIONS = YES;
				CLANG_WARN_DIRECT_OBJC_ISA_USAGE = YES_ERROR;
				CLANG_WARN_DOCUMENTATION_COMMENTS = YES;
				CLANG_WARN_EMPTY_BODY = YES;
				CLANG_WARN_ENUM_CONVERSION = YES;
				CLANG_WARN_INFINITE_RECURSION = YES;
				CLANG_WARN_INT_CONVERSION = YES;
				CLANG_WARN_NON_LITERAL_NULL_CONVERSION = YES;
				CLANG_WARN_OBJC_IMPLICIT_RETAIN_SELF = YES;
				CLANG_WARN_OBJC_LITERAL_CONVERSION = YES;
				CLANG_WARN_OBJC_ROOT_CLASS = YES_ERROR;
				CLANG_WARN_QUOTED_INCLUDE_IN_FRAMEWORK_HEADER = YES;
				CLANG_WARN_RANGE_LOOP_ANALYSIS = YES;
				CLANG_WARN_STRICT_PROTOTYPES = YES;
				CLANG_WARN_SUSPICIOUS_MOVE = YES;
				CLANG_WARN_UNGUARDED_AVAILABILITY = YES_AGGRESSIVE;
				CLANG_WARN_UNREACHABLE_CODE = YES;
				CLANG_WARN__DUPLICATE_METHOD_MATCH = YES;
				COPY_PHASE_STRIP = NO;
				DEBUG_INFORMATION_FORMAT = dwarf;
				ENABLE_STRICT_OBJC_MSGSEND = YES;
				ENABLE_TESTABILITY = YES;
				GCC_C_LANGUAGE_STANDARD = gnu11;
				GCC_DYNAMIC_NO_PIC = NO;
				GCC_NO_COMMON_BLOCKS = YES;
				GCC_OPTIMIZATION_LEVEL = 0;
				GCC_PREPROCESSOR_DEFINITIONS = (
					"DEBUG=1",
					"$(inherited)",
				);
				GCC_WARN_64_TO_32_BIT_CONVERSION = YES;
				GCC_WARN_ABOUT_RETURN_TYPE = YES_ERROR;
				GCC_WARN_UNDECLARED_SELECTOR = YES;
				GCC_WARN_UNINITIALIZED_AUTOS = YES_AGGRESSIVE;
				GCC_WARN_UNUSED_FUNCTION = YES;
				GCC_WARN_UNUSED_VARIABLE = YES;
				IPHONEOS_DEPLOYMENT_TARGET = 16.1;
				MTL_ENABLE_DEBUG_INFO = INCLUDE_SOURCE;
				MTL_FAST_MATH = YES;
				ONLY_ACTIVE_ARCH = YES;
				SDKROOT = iphoneos;
				SWIFT_ACTIVE_COMPILATION_CONDITIONS = DEBUG;
				SWIFT_OPTIMIZATION_LEVEL = "-Onone";
			};
			name = Debug;
		};
		053A0DC229C4478700DB79B4 /* Release */ = {
			isa = XCBuildConfiguration;
			buildSettings = {
				ALWAYS_SEARCH_USER_PATHS = NO;
				CLANG_ANALYZER_NONNULL = YES;
				CLANG_ANALYZER_NUMBER_OBJECT_CONVERSION = YES_AGGRESSIVE;
				CLANG_CXX_LANGUAGE_STANDARD = "gnu++20";
				CLANG_ENABLE_MODULES = YES;
				CLANG_ENABLE_OBJC_ARC = YES;
				CLANG_ENABLE_OBJC_WEAK = YES;
				CLANG_WARN_BLOCK_CAPTURE_AUTORELEASING = YES;
				CLANG_WARN_BOOL_CONVERSION = YES;
				CLANG_WARN_COMMA = YES;
				CLANG_WARN_CONSTANT_CONVERSION = YES;
				CLANG_WARN_DEPRECATED_OBJC_IMPLEMENTATIONS = YES;
				CLANG_WARN_DIRECT_OBJC_ISA_USAGE = YES_ERROR;
				CLANG_WARN_DOCUMENTATION_COMMENTS = YES;
				CLANG_WARN_EMPTY_BODY = YES;
				CLANG_WARN_ENUM_CONVERSION = YES;
				CLANG_WARN_INFINITE_RECURSION = YES;
				CLANG_WARN_INT_CONVERSION = YES;
				CLANG_WARN_NON_LITERAL_NULL_CONVERSION = YES;
				CLANG_WARN_OBJC_IMPLICIT_RETAIN_SELF = YES;
				CLANG_WARN_OBJC_LITERAL_CONVERSION = YES;
				CLANG_WARN_OBJC_ROOT_CLASS = YES_ERROR;
				CLANG_WARN_QUOTED_INCLUDE_IN_FRAMEWORK_HEADER = YES;
				CLANG_WARN_RANGE_LOOP_ANALYSIS = YES;
				CLANG_WARN_STRICT_PROTOTYPES = YES;
				CLANG_WARN_SUSPICIOUS_MOVE = YES;
				CLANG_WARN_UNGUARDED_AVAILABILITY = YES_AGGRESSIVE;
				CLANG_WARN_UNREACHABLE_CODE = YES;
				CLANG_WARN__DUPLICATE_METHOD_MATCH = YES;
				COPY_PHASE_STRIP = NO;
				DEBUG_INFORMATION_FORMAT = "dwarf-with-dsym";
				ENABLE_NS_ASSERTIONS = NO;
				ENABLE_STRICT_OBJC_MSGSEND = YES;
				GCC_C_LANGUAGE_STANDARD = gnu11;
				GCC_NO_COMMON_BLOCKS = YES;
				GCC_WARN_64_TO_32_BIT_CONVERSION = YES;
				GCC_WARN_ABOUT_RETURN_TYPE = YES_ERROR;
				GCC_WARN_UNDECLARED_SELECTOR = YES;
				GCC_WARN_UNINITIALIZED_AUTOS = YES_AGGRESSIVE;
				GCC_WARN_UNUSED_FUNCTION = YES;
				GCC_WARN_UNUSED_VARIABLE = YES;
				IPHONEOS_DEPLOYMENT_TARGET = 16.1;
				MTL_ENABLE_DEBUG_INFO = NO;
				MTL_FAST_MATH = YES;
				SDKROOT = iphoneos;
				SWIFT_COMPILATION_MODE = wholemodule;
				SWIFT_OPTIMIZATION_LEVEL = "-O";
				VALIDATE_PRODUCT = YES;
			};
			name = Release;
		};
		053A0DC429C4478700DB79B4 /* Debug */ = {
			isa = XCBuildConfiguration;
			buildSettings = {
				ASSETCATALOG_COMPILER_APPICON_NAME = AppIcon;
				ASSETCATALOG_COMPILER_GLOBAL_ACCENT_COLOR_NAME = AccentColor;
				CODE_SIGN_STYLE = Automatic;
				CURRENT_PROJECT_VERSION = 1;
				GENERATE_INFOPLIST_FILE = YES;
				INFOPLIST_FILE = "3178-Assignment/Info.plist";
				INFOPLIST_KEY_LSApplicationCategoryType = "public.app-category.productivity";
				INFOPLIST_KEY_UIApplicationSupportsIndirectInputEvents = YES;
				INFOPLIST_KEY_UILaunchStoryboardName = LaunchScreen;
				INFOPLIST_KEY_UIMainStoryboardFile = Main;
				INFOPLIST_KEY_UISupportedInterfaceOrientations_iPad = "UIInterfaceOrientationPortrait UIInterfaceOrientationPortraitUpsideDown UIInterfaceOrientationLandscapeLeft UIInterfaceOrientationLandscapeRight";
				INFOPLIST_KEY_UISupportedInterfaceOrientations_iPhone = "UIInterfaceOrientationPortrait UIInterfaceOrientationLandscapeLeft UIInterfaceOrientationLandscapeRight";
				LD_RUNPATH_SEARCH_PATHS = (
					"$(inherited)",
					"@executable_path/Frameworks",
				);
				MARKETING_VERSION = 1.0;
				PRODUCT_BUNDLE_IDENTIFIER = "Monash.-178-Assignment";
				PRODUCT_NAME = "$(TARGET_NAME)";
				SWIFT_EMIT_LOC_STRINGS = YES;
				SWIFT_VERSION = 5.0;
				TARGETED_DEVICE_FAMILY = "1,2";
			};
			name = Debug;
		};
		053A0DC529C4478700DB79B4 /* Release */ = {
			isa = XCBuildConfiguration;
			buildSettings = {
				ASSETCATALOG_COMPILER_APPICON_NAME = AppIcon;
				ASSETCATALOG_COMPILER_GLOBAL_ACCENT_COLOR_NAME = AccentColor;
				CODE_SIGN_STYLE = Automatic;
				CURRENT_PROJECT_VERSION = 1;
				GENERATE_INFOPLIST_FILE = YES;
				INFOPLIST_FILE = "3178-Assignment/Info.plist";
				INFOPLIST_KEY_LSApplicationCategoryType = "public.app-category.productivity";
				INFOPLIST_KEY_UIApplicationSupportsIndirectInputEvents = YES;
				INFOPLIST_KEY_UILaunchStoryboardName = LaunchScreen;
				INFOPLIST_KEY_UIMainStoryboardFile = Main;
				INFOPLIST_KEY_UISupportedInterfaceOrientations_iPad = "UIInterfaceOrientationPortrait UIInterfaceOrientationPortraitUpsideDown UIInterfaceOrientationLandscapeLeft UIInterfaceOrientationLandscapeRight";
				INFOPLIST_KEY_UISupportedInterfaceOrientations_iPhone = "UIInterfaceOrientationPortrait UIInterfaceOrientationLandscapeLeft UIInterfaceOrientationLandscapeRight";
				LD_RUNPATH_SEARCH_PATHS = (
					"$(inherited)",
					"@executable_path/Frameworks",
				);
				MARKETING_VERSION = 1.0;
				PRODUCT_BUNDLE_IDENTIFIER = "Monash.-178-Assignment";
				PRODUCT_NAME = "$(TARGET_NAME)";
				SWIFT_EMIT_LOC_STRINGS = YES;
				SWIFT_VERSION = 5.0;
				TARGETED_DEVICE_FAMILY = "1,2";
			};
			name = Release;
		};
/* End XCBuildConfiguration section */

/* Begin XCConfigurationList section */
		053A0DAA29C4478500DB79B4 /* Build configuration list for PBXProject "3178-Assignment" */ = {
			isa = XCConfigurationList;
			buildConfigurations = (
				053A0DC129C4478700DB79B4 /* Debug */,
				053A0DC229C4478700DB79B4 /* Release */,
			);
			defaultConfigurationIsVisible = 0;
			defaultConfigurationName = Release;
		};
		053A0DC329C4478700DB79B4 /* Build configuration list for PBXNativeTarget "3178-Assignment" */ = {
			isa = XCConfigurationList;
			buildConfigurations = (
				053A0DC429C4478700DB79B4 /* Debug */,
				053A0DC529C4478700DB79B4 /* Release */,
			);
			defaultConfigurationIsVisible = 0;
			defaultConfigurationName = Release;
		};
/* End XCConfigurationList section */

/* Begin XCVersionGroup section */
		059E3A752A04C599009940E4 /* StudyFrog-DataModel.xcdatamodeld */ = {
			isa = XCVersionGroup;
			children = (
				059E3A762A04C599009940E4 /* StudyFrog-DataModel.xcdatamodel */,
			);
			currentVersion = 059E3A762A04C599009940E4 /* StudyFrog-DataModel.xcdatamodel */;
			path = "StudyFrog-DataModel.xcdatamodeld";
			sourceTree = "<group>";
			versionGroupType = wrapper.xcdatamodel;
		};
/* End XCVersionGroup section */
	};
	rootObject = 053A0DA729C4478500DB79B4 /* Project object */;
}
